
Microsoft Visual Studio Solution File, Format Version 12.00
# Visual Studio Version 17
VisualStudioVersion = 17.2.32630.192
MinimumVisualStudioVersion = 10.0.40219.1
Project("{FAE04EC0-301F-11D3-BF4B-00C04F79EFBC}") = "TrianguloPascal", "TrianguloPascal.csproj", "{BAC277EE-73F4-410E-A1BA-E6B5D0B4230C}"
EndProject
Global
	GlobalSection(SolutionConfigurationPlatforms) = preSolution
		Debug|Any CPU = Debug|Any CPU
		Release|Any CPU = Release|Any CPU
	EndGlobalSection
	GlobalSection(ProjectConfigurationPlatforms) = postSolution
		{BAC277EE-73F4-410E-A1BA-E6B5D0B4230C}.Debug|Any CPU.ActiveCfg = Debug|Any CPU
		{BAC277EE-73F4-410E-A1BA-E6B5D0B4230C}.Debug|Any CPU.Build.0 = Debug|Any CPU
		{BAC277EE-73F4-410E-A1BA-E6B5D0B4230C}.Release|Any CPU.ActiveCfg = Release|Any CPU
		{BAC277EE-73F4-410E-A1BA-E6B5D0B4230C}.Release|Any CPU.Build.0 = Release|Any CPU
	EndGlobalSection
	GlobalSection(SolutionProperties) = preSolution
		HideSolutionNode = FALSE
	EndGlobalSection
	GlobalSection(ExtensibilityGlobals) = postSolution
		SolutionGuid = {B3057DC7-32F9-4809-8C95-1272E30F4F27}
	EndGlobalSection
EndGlobal
